
Microsoft Visual Studio Solution File, Format Version 12.00
# Visual Studio 15
VisualStudioVersion = 15.0.27703.2042
MinimumVisualStudioVersion = 10.0.40219.1
Project("{8BC9CEB8-8B4A-11D0-8D11-00A0C91BC942}") = "basic", "1001_害死人不偿命的(3n+1)猜想\1001_害死人不偿命的(3n+1)猜想.vcxproj", "{CCA8E32F-746D-41E7-B2B3-4533A4DF212D}"
EndProject
Project("{8BC9CEB8-8B4A-11D0-8D11-00A0C91BC942}") = "1002_写出这个数", "1002_写出这个数\1002_写出这个数.vcxproj", "{8CD10FCF-7B90-4B23-B373-C12F924476BC}"
EndProject
Global
	GlobalSection(SolutionConfigurationPlatforms) = preSolution
		Debug|x64 = Debug|x64
		Debug|x86 = Debug|x86
		Release|x64 = Release|x64
		Release|x86 = Release|x86
	EndGlobalSection
	GlobalSection(ProjectConfigurationPlatforms) = postSolution
		{CCA8E32F-746D-41E7-B2B3-4533A4DF212D}.Debug|x64.ActiveCfg = Debug|x64
		{CCA8E32F-746D-41E7-B2B3-4533A4DF212D}.Debug|x64.Build.0 = Debug|x64
		{CCA8E32F-746D-41E7-B2B3-4533A4DF212D}.Debug|x86.ActiveCfg = Debug|Win32
		{CCA8E32F-746D-41E7-B2B3-4533A4DF212D}.Debug|x86.Build.0 = Debug|Win32
		{CCA8E32F-746D-41E7-B2B3-4533A4DF212D}.Release|x64.ActiveCfg = Release|x64
		{CCA8E32F-746D-41E7-B2B3-4533A4DF212D}.Release|x64.Build.0 = Release|x64
		{CCA8E32F-746D-41E7-B2B3-4533A4DF212D}.Release|x86.ActiveCfg = Release|Win32
		{CCA8E32F-746D-41E7-B2B3-4533A4DF212D}.Release|x86.Build.0 = Release|Win32
		{8CD10FCF-7B90-4B23-B373-C12F924476BC}.Debug|x64.ActiveCfg = Debug|x64
		{8CD10FCF-7B90-4B23-B373-C12F924476BC}.Debug|x64.Build.0 = Debug|x64
		{8CD10FCF-7B90-4B23-B373-C12F924476BC}.Debug|x86.ActiveCfg = Debug|Win32
		{8CD10FCF-7B90-4B23-B373-C12F924476BC}.Debug|x86.Build.0 = Debug|Win32
		{8CD10FCF-7B90-4B23-B373-C12F924476BC}.Release|x64.ActiveCfg = Release|x64
		{8CD10FCF-7B90-4B23-B373-C12F924476BC}.Release|x64.Build.0 = Release|x64
		{8CD10FCF-7B90-4B23-B373-C12F924476BC}.Release|x86.ActiveCfg = Release|Win32
		{8CD10FCF-7B90-4B23-B373-C12F924476BC}.Release|x86.Build.0 = Release|Win32
	EndGlobalSection
	GlobalSection(SolutionProperties) = preSolution
		HideSolutionNode = FALSE
	EndGlobalSection
	GlobalSection(ExtensibilityGlobals) = postSolution
		SolutionGuid = {C1EBF3BD-457B-4242-B85C-EB70F61C530C}
	EndGlobalSection
EndGlobal
